
Microsoft Visual Studio Solution File, Format Version 12.00
# Visual Studio Version 17
VisualStudioVersion = 17.5.002.0
MinimumVisualStudioVersion = 10.0.40219.1
Project("{9A19103F-16F7-4668-BE54-9A1E7A4F7556}") = "Tarea4", "Tarea4.csproj", "{A59BECC7-5F05-48C1-A198-EB3FBF006185}"
EndProject
Global
	GlobalSection(SolutionConfigurationPlatforms) = preSolution
		Debug|Any CPU = Debug|Any CPU
		Release|Any CPU = Release|Any CPU
	EndGlobalSection
	GlobalSection(ProjectConfigurationPlatforms) = postSolution
		{A59BECC7-5F05-48C1-A198-EB3FBF006185}.Debug|Any CPU.ActiveCfg = Debug|Any CPU
		{A59BECC7-5F05-48C1-A198-EB3FBF006185}.Debug|Any CPU.Build.0 = Debug|Any CPU
		{A59BECC7-5F05-48C1-A198-EB3FBF006185}.Release|Any CPU.ActiveCfg = Release|Any CPU
		{A59BECC7-5F05-48C1-A198-EB3FBF006185}.Release|Any CPU.Build.0 = Release|Any CPU
	EndGlobalSection
	GlobalSection(SolutionProperties) = preSolution
		HideSolutionNode = FALSE
	EndGlobalSection
	GlobalSection(ExtensibilityGlobals) = postSolution
		SolutionGuid = {6620FCA2-64C4-4051-AB65-01B6BB319A29}
	EndGlobalSection
EndGlobal
